
Microsoft Visual Studio Solution File, Format Version 12.00
# Visual Studio 15
VisualStudioVersion = 15.0.28307.136
MinimumVisualStudioVersion = 10.0.40219.1
Project("{2150E333-8FDC-42A3-9474-1A3956D46DE8}") = "JF001.系统角色和用户类型", "JF001.系统角色和用户类型", "{ADF65C95-DC55-477C-816E-C51E7757A655}"
EndProject
Project("{2150E333-8FDC-42A3-9474-1A3956D46DE8}") = "JF002.系统业务实体模型", "JF002.系统业务实体模型", "{2411D681-40BF-44B8-8A1C-5AF8E6156986}"
EndProject
Project("{2150E333-8FDC-42A3-9474-1A3956D46DE8}") = "JF003.系统关系数据库映射", "JF003.系统关系数据库映射", "{A11DEFA4-009C-4329-B5C3-2B5AA6455191}"
EndProject
Project("{2150E333-8FDC-42A3-9474-1A3956D46DE8}") = "JF004.系统数据访问处理", "JF004.系统数据访问处理", "{D26B9ECC-81AF-4BFE-BA95-016977B3DC12}"
EndProject
Project("{2150E333-8FDC-42A3-9474-1A3956D46DE8}") = "JF005.系统数据对象视图模型", "JF005.系统数据对象视图模型", "{3C1FDA9E-65CB-4974-8D65-BC1273C8DA1A}"
EndProject
Project("{2150E333-8FDC-42A3-9474-1A3956D46DE8}") = "JF006.Web前端应用", "JF006.Web前端应用", "{20585A7F-B5EC-4953-906A-ACBB8FC4D6DB}"
EndProject
Project("{9A19103F-16F7-4668-BE54-9A1E7A4F7556}") = "JiuFu.UserAndRole", "JiuFu.UserAndRole\JiuFu.UserAndRole.csproj", "{376BC878-DEE2-4D34-AF3F-9C767E7C3421}"
EndProject
Project("{9A19103F-16F7-4668-BE54-9A1E7A4F7556}") = "JiuFu.Entities", "JiuFu.Entities\JiuFu.Entities.csproj", "{175268D3-B2C2-4C5A-8C3C-280506AEA9A7}"
EndProject
Project("{9A19103F-16F7-4668-BE54-9A1E7A4F7556}") = "JiuFu.ORM", "JiuFu.ORM\JiuFu.ORM.csproj", "{5EAD3BB1-E88B-4E93-9D5F-D1DF6AC71A47}"
EndProject
Project("{9A19103F-16F7-4668-BE54-9A1E7A4F7556}") = "JiuFu.DataAccess", "JiuFu.DataAccess\JiuFu.DataAccess.csproj", "{C70B8A75-AC36-46F8-B80E-924918F9D4B7}"
EndProject
Project("{9A19103F-16F7-4668-BE54-9A1E7A4F7556}") = "JiuFu.ViewModels", "JiuFu.ViewModels\JiuFu.ViewModels.csproj", "{8D6B5C74-2CC3-4591-BD8A-F0A7F0DD6A00}"
EndProject
Project("{9A19103F-16F7-4668-BE54-9A1E7A4F7556}") = "JiuFu.Web", "JiuFu.Web\JiuFu.Web.csproj", "{40C670DE-A2EC-4769-A272-E2AB10E78EF8}"
EndProject
Global
	GlobalSection(SolutionConfigurationPlatforms) = preSolution
		Debug|Any CPU = Debug|Any CPU
		Release|Any CPU = Release|Any CPU
	EndGlobalSection
	GlobalSection(ProjectConfigurationPlatforms) = postSolution
		{376BC878-DEE2-4D34-AF3F-9C767E7C3421}.Debug|Any CPU.ActiveCfg = Debug|Any CPU
		{376BC878-DEE2-4D34-AF3F-9C767E7C3421}.Debug|Any CPU.Build.0 = Debug|Any CPU
		{376BC878-DEE2-4D34-AF3F-9C767E7C3421}.Release|Any CPU.ActiveCfg = Release|Any CPU
		{376BC878-DEE2-4D34-AF3F-9C767E7C3421}.Release|Any CPU.Build.0 = Release|Any CPU
		{175268D3-B2C2-4C5A-8C3C-280506AEA9A7}.Debug|Any CPU.ActiveCfg = Debug|Any CPU
		{175268D3-B2C2-4C5A-8C3C-280506AEA9A7}.Debug|Any CPU.Build.0 = Debug|Any CPU
		{175268D3-B2C2-4C5A-8C3C-280506AEA9A7}.Release|Any CPU.ActiveCfg = Release|Any CPU
		{175268D3-B2C2-4C5A-8C3C-280506AEA9A7}.Release|Any CPU.Build.0 = Release|Any CPU
		{5EAD3BB1-E88B-4E93-9D5F-D1DF6AC71A47}.Debug|Any CPU.ActiveCfg = Debug|Any CPU
		{5EAD3BB1-E88B-4E93-9D5F-D1DF6AC71A47}.Debug|Any CPU.Build.0 = Debug|Any CPU
		{5EAD3BB1-E88B-4E93-9D5F-D1DF6AC71A47}.Release|Any CPU.ActiveCfg = Release|Any CPU
		{5EAD3BB1-E88B-4E93-9D5F-D1DF6AC71A47}.Release|Any CPU.Build.0 = Release|Any CPU
		{C70B8A75-AC36-46F8-B80E-924918F9D4B7}.Debug|Any CPU.ActiveCfg = Debug|Any CPU
		{C70B8A75-AC36-46F8-B80E-924918F9D4B7}.Debug|Any CPU.Build.0 = Debug|Any CPU
		{C70B8A75-AC36-46F8-B80E-924918F9D4B7}.Release|Any CPU.ActiveCfg = Release|Any CPU
		{C70B8A75-AC36-46F8-B80E-924918F9D4B7}.Release|Any CPU.Build.0 = Release|Any CPU
		{8D6B5C74-2CC3-4591-BD8A-F0A7F0DD6A00}.Debug|Any CPU.ActiveCfg = Debug|Any CPU
		{8D6B5C74-2CC3-4591-BD8A-F0A7F0DD6A00}.Debug|Any CPU.Build.0 = Debug|Any CPU
		{8D6B5C74-2CC3-4591-BD8A-F0A7F0DD6A00}.Release|Any CPU.ActiveCfg = Release|Any CPU
		{8D6B5C74-2CC3-4591-BD8A-F0A7F0DD6A00}.Release|Any CPU.Build.0 = Release|Any CPU
		{40C670DE-A2EC-4769-A272-E2AB10E78EF8}.Debug|Any CPU.ActiveCfg = Debug|Any CPU
		{40C670DE-A2EC-4769-A272-E2AB10E78EF8}.Debug|Any CPU.Build.0 = Debug|Any CPU
		{40C670DE-A2EC-4769-A272-E2AB10E78EF8}.Release|Any CPU.ActiveCfg = Release|Any CPU
		{40C670DE-A2EC-4769-A272-E2AB10E78EF8}.Release|Any CPU.Build.0 = Release|Any CPU
	EndGlobalSection
	GlobalSection(SolutionProperties) = preSolution
		HideSolutionNode = FALSE
	EndGlobalSection
	GlobalSection(NestedProjects) = preSolution
		{376BC878-DEE2-4D34-AF3F-9C767E7C3421} = {ADF65C95-DC55-477C-816E-C51E7757A655}
		{175268D3-B2C2-4C5A-8C3C-280506AEA9A7} = {2411D681-40BF-44B8-8A1C-5AF8E6156986}
		{5EAD3BB1-E88B-4E93-9D5F-D1DF6AC71A47} = {A11DEFA4-009C-4329-B5C3-2B5AA6455191}
		{C70B8A75-AC36-46F8-B80E-924918F9D4B7} = {D26B9ECC-81AF-4BFE-BA95-016977B3DC12}
		{8D6B5C74-2CC3-4591-BD8A-F0A7F0DD6A00} = {3C1FDA9E-65CB-4974-8D65-BC1273C8DA1A}
		{40C670DE-A2EC-4769-A272-E2AB10E78EF8} = {20585A7F-B5EC-4953-906A-ACBB8FC4D6DB}
	EndGlobalSection
	GlobalSection(ExtensibilityGlobals) = postSolution
		SolutionGuid = {93408453-88AA-4301-B55E-E62C4E940D14}
	EndGlobalSection
EndGlobal
